// !$*UTF8*$!
{
	archiveVersion = 1;
	classes = {
	};
	objectVersion = 56;
	objects = {

/* Begin PBXBuildFile section */
		236B51F93042FDB8008006C4 /* TutorialApp.swift in Sources */ = {isa = PBXBuildFile; fileRef = 236B51F83042FDB8008006C4 /* TutorialApp.swift */; };
		236B51FB3042FDB8008006C4 /* ContentView.swift in Sources */ = {isa = PBXBuildFile; fileRef = 236B51FA3042FDB8008006C4 /* ContentView.swift */; };
		236B51FD3042FDBA008006C4 /* Assets.xcassets in Resources */ = {isa = PBXBuildFile; fileRef = 236B51FC3042FDBA008006C4 /* Assets.xcassets */; };
		236B52003042FDBA008006C4 /* Preview Assets.xcassets in Resources */ = {isa = PBXBuildFile; fileRef = 236B51FF3042FDBA008006C4 /* Preview Assets.xcassets */; };
		236B52073042FE99008006C4 /* TutorialSystemIcon.swift in Sources */ = {isa = PBXBuildFile; fileRef = 236B52063042FE99008006C4 /* TutorialSystemIcon.swift */; };
		23A3DC14304540E40009D840 /* ImageLearn.swift in Sources */ = {isa = PBXBuildFile; fileRef = 23A3DC13304540E40009D840 /* ImageLearn.swift */; };
		23A3DC16304544570009D840 /* FrameAndAlignmentLearn.swift in Sources */ = {isa = PBXBuildFile; fileRef = 23A3DC15304544570009D840 /* FrameAndAlignmentLearn.swift */; };
		23A3DC1830454A810009D840 /* BackgoundAndOverLay.swift in Sources */ = {isa = PBXBuildFile; fileRef = 23A3DC1730454A810009D840 /* BackgoundAndOverLay.swift */; };
		23A3DC1A304559A50009D840 /* StacksLearn.swift in Sources */ = {isa = PBXBuildFile; fileRef = 23A3DC19304559A50009D840 /* StacksLearn.swift */; };
/* End PBXBuildFile section */

/* Begin PBXFileReference section */
		236B51F53042FDB8008006C4 /* Tutorial.app */ = {isa = PBXFileReference; explicitFileType = wrapper.application; includeInIndex = 0; path = Tutorial.app; sourceTree = BUILT_PRODUCTS_DIR; };
		236B51F83042FDB8008006C4 /* TutorialApp.swift */ = {isa = PBXFileReference; lastKnownFileType = sourcecode.swift; path = TutorialApp.swift; sourceTree = "<group>"; };
		236B51FA3042FDB8008006C4 /* ContentView.swift */ = {isa = PBXFileReference; lastKnownFileType = sourcecode.swift; path = ContentView.swift; sourceTree = "<group>"; };
		236B51FC3042FDBA008006C4 /* Assets.xcassets */ = {isa = PBXFileReference; lastKnownFileType = folder.assetcatalog; path = Assets.xcassets; sourceTree = "<group>"; };
		236B51FF3042FDBA008006C4 /* Preview Assets.xcassets */ = {isa = PBXFileReference; lastKnownFileType = folder.assetcatalog; path = "Preview Assets.xcassets"; sourceTree = "<group>"; };
		236B52063042FE99008006C4 /* TutorialSystemIcon.swift */ = {isa = PBXFileReference; lastKnownFileType = sourcecode.swift; path = TutorialSystemIcon.swift; sourceTree = "<group>"; };
		23A3DC13304540E40009D840 /* ImageLearn.swift */ = {isa = PBXFileReference; lastKnownFileType = sourcecode.swift; path = ImageLearn.swift; sourceTree = "<group>"; };
		23A3DC15304544570009D840 /* FrameAndAlignmentLearn.swift */ = {isa = PBXFileReference; lastKnownFileType = sourcecode.swift; path = FrameAndAlignmentLearn.swift; sourceTree = "<group>"; };
		23A3DC1730454A810009D840 /* BackgoundAndOverLay.swift */ = {isa = PBXFileReference; lastKnownFileType = sourcecode.swift; path = BackgoundAndOverLay.swift; sourceTree = "<group>"; };
		23A3DC19304559A50009D840 /* StacksLearn.swift */ = {isa = PBXFileReference; lastKnownFileType = sourcecode.swift; path = StacksLearn.swift; sourceTree = "<group>"; };
/* End PBXFileReference section */

/* Begin PBXFrameworksBuildPhase section */
		236B51F23042FDB8008006C4 /* Frameworks */ = {
			isa = PBXFrameworksBuildPhase;
			buildActionMask = 2147483647;
			files = (
			);
			runOnlyForDeploymentPostprocessing = 0;
		};
/* End PBXFrameworksBuildPhase section */

/* Begin PBXGroup section */
		236B51EC3042FDB8008006C4 = {
			isa = PBXGroup;
			children = (
				236B51F73042FDB8008006C4 /* Tutorial */,
				236B51F63042FDB8008006C4 /* Products */,
			);
			sourceTree = "<group>";
		};
		236B51F63042FDB8008006C4 /* Products */ = {
			isa = PBXGroup;
			children = (
				236B51F53042FDB8008006C4 /* Tutorial.app */,
			);
			name = Products;
			sourceTree = "<group>";
		};
		236B51F73042FDB8008006C4 /* Tutorial */ = {
			isa = PBXGroup;
			children = (
				236B51F83042FDB8008006C4 /* TutorialApp.swift */,
				236B51FA3042FDB8008006C4 /* ContentView.swift */,
				236B52063042FE99008006C4 /* TutorialSystemIcon.swift */,
				23A3DC13304540E40009D840 /* ImageLearn.swift */,
				23A3DC15304544570009D840 /* FrameAndAlignmentLearn.swift */,
				23A3DC1730454A810009D840 /* BackgoundAndOverLay.swift */,
				23A3DC19304559A50009D840 /* StacksLearn.swift */,
				236B51FC3042FDBA008006C4 /* Assets.xcassets */,
				236B51FE3042FDBA008006C4 /* Preview Content */,
			);
			path = Tutorial;
			sourceTree = "<group>";
		};
		236B51FE3042FDBA008006C4 /* Preview Content */ = {
			isa = PBXGroup;
			children = (
				236B51FF3042FDBA008006C4 /* Preview Assets.xcassets */,
			);
			path = "Preview Content";
			sourceTree = "<group>";
		};
/* End PBXGroup section */

/* Begin PBXNativeTarget section */
		236B51F43042FDB8008006C4 /* Tutorial */ = {
			isa = PBXNativeTarget;
			buildConfigurationList = 236B52033042FDBA008006C4 /* Build configuration list for PBXNativeTarget "Tutorial" */;
			buildPhases = (
				236B51F13042FDB8008006C4 /* Sources */,
				236B51F23042FDB8008006C4 /* Frameworks */,
				236B51F33042FDB8008006C4 /* Resources */,
			);
			buildRules = (
			);
			dependencies = (
			);
			name = Tutorial;
			productName = Tutorial;
			productReference = 236B51F53042FDB8008006C4 /* Tutorial.app */;
			productType = "com.apple.product-type.application";
		};
/* End PBXNativeTarget section */

/* Begin PBXProject section */
		236B51ED3042FDB8008006C4 /* Project object */ = {
			isa = PBXProject;
			attributes = {
				BuildIndependentTargetsInParallel = 1;
				LastSwiftUpdateCheck = 1400;
				LastUpgradeCheck = 1400;
				TargetAttributes = {
					236B51F43042FDB8008006C4 = {
						CreatedOnToolsVersion = 14.0;
					};
				};
			};
			buildConfigurationList = 236B51F03042FDB8008006C4 /* Build configuration list for PBXProject "Tutorial" */;
			compatibilityVersion = "Xcode 14.0";
			developmentRegion = en;
			hasScannedForEncodings = 0;
			knownRegions = (
				en,
				Base,
			);
			mainGroup = 236B51EC3042FDB8008006C4;
			productRefGroup = 236B51F63042FDB8008006C4 /* Products */;
			projectDirPath = "";
			projectRoot = "";
			targets = (
				236B51F43042FDB8008006C4 /* Tutorial */,
			);
		};
/* End PBXProject section */

/* Begin PBXResourcesBuildPhase section */
		236B51F33042FDB8008006C4 /* Resources */ = {
			isa = PBXResourcesBuildPhase;
			buildActionMask = 2147483647;
			files = (
				236B52003042FDBA008006C4 /* Preview Assets.xcassets in Resources */,
				236B51FD3042FDBA008006C4 /* Assets.xcassets in Resources */,
			);
			runOnlyForDeploymentPostprocessing = 0;
		};
/* End PBXResourcesBuildPhase section */

/* Begin PBXSourcesBuildPhase section */
		236B51F13042FDB8008006C4 /* Sources */ = {
			isa = PBXSourcesBuildPhase;
			buildActionMask = 2147483647;
			files = (
				23A3DC14304540E40009D840 /* ImageLearn.swift in Sources */,
				236B52073042FE99008006C4 /* TutorialSystemIcon.swift in Sources */,
				23A3DC16304544570009D840 /* FrameAndAlignmentLearn.swift in Sources */,
				23A3DC1A304559A50009D840 /* StacksLearn.swift in Sources */,
				236B51FB3042FDB8008006C4 /* ContentView.swift in Sources */,
				23A3DC1830454A810009D840 /* BackgoundAndOverLay.swift in Sources */,
				236B51F93042FDB8008006C4 /* TutorialApp.swift in Sources */,
			);
			runOnlyForDeploymentPostprocessing = 0;
		};
/* End PBXSourcesBuildPhase section */

/* Begin XCBuildConfiguration section */
		236B52013042FDBA008006C4 /* Debug */ = {
			isa = XCBuildConfiguration;
			buildSettings = {
				ALWAYS_SEARCH_USER_PATHS = NO;
				CLANG_ANALYZER_NONNULL = YES;
				CLANG_ANALYZER_NUMBER_OBJECT_CONVERSION = YES_AGGRESSIVE;
				CLANG_CXX_LANGUAGE_STANDARD = "gnu++20";
				CLANG_ENABLE_MODULES = YES;
				CLANG_ENABLE_OBJC_ARC = YES;
				CLANG_ENABLE_OBJC_WEAK = YES;
				CLANG_WARN_BLOCK_CAPTURE_AUTORELEASING = YES;
				CLANG_WARN_BOOL_CONVERSION = YES;
				CLANG_WARN_COMMA = YES;
				CLANG_WARN_CONSTANT_CONVERSION = YES;
				CLANG_WARN_DEPRECATED_OBJC_IMPLEMENTATIONS = YES;
				CLANG_WARN_DIRECT_OBJC_ISA_USAGE = YES_ERROR;
				CLANG_WARN_DOCUMENTATION_COMMENTS = YES;
				CLANG_WARN_EMPTY_BODY = YES;
				CLANG_WARN_ENUM_CONVERSION = YES;
				CLANG_WARN_INFINITE_RECURSION = YES;
				CLANG_WARN_INT_CONVERSION = YES;
				CLANG_WARN_NON_LITERAL_NULL_CONVERSION = YES;
				CLANG_WARN_OBJC_IMPLICIT_RETAIN_SELF = YES;
				CLANG_WARN_OBJC_LITERAL_CONVERSION = YES;
				CLANG_WARN_OBJC_ROOT_CLASS = YES_ERROR;
				CLANG_WARN_QUOTED_INCLUDE_IN_FRAMEWORK_HEADER = YES;
				CLANG_WARN_RANGE_LOOP_ANALYSIS = YES;
				CLANG_WARN_STRICT_PROTOTYPES = YES;
				CLANG_WARN_SUSPICIOUS_MOVE = YES;
				CLANG_WARN_UNGUARDED_AVAILABILITY = YES_AGGRESSIVE;
				CLANG_WARN_UNREACHABLE_CODE = YES;
				CLANG_WARN__DUPLICATE_METHOD_MATCH = YES;
				COPY_PHASE_STRIP = NO;
				DEBUG_INFORMATION_FORMAT = dwarf;
				ENABLE_STRICT_OBJC_MSGSEND = YES;
				ENABLE_TESTABILITY = YES;
				GCC_C_LANGUAGE_STANDARD = gnu11;
				GCC_DYNAMIC_NO_PIC = NO;
				GCC_NO_COMMON_BLOCKS = YES;
				GCC_OPTIMIZATION_LEVEL = 0;
				GCC_PREPROCESSOR_DEFINITIONS = (
					"DEBUG=1",
					"$(inherited)",
				);
				GCC_WARN_64_TO_32_BIT_CONVERSION = YES;
				GCC_WARN_ABOUT_RETURN_TYPE = YES_ERROR;
				GCC_WARN_UNDECLARED_SELECTOR = YES;
				GCC_WARN_UNINITIALIZED_AUTOS = YES_AGGRESSIVE;
				GCC_WARN_UNUSED_FUNCTION = YES;
				GCC_WARN_UNUSED_VARIABLE = YES;
				IPHONEOS_DEPLOYMENT_TARGET = 16.0;
				MTL_ENABLE_DEBUG_INFO = INCLUDE_SOURCE;
				MTL_FAST_MATH = YES;
				ONLY_ACTIVE_ARCH = YES;
				SDKROOT = iphoneos;
				SWIFT_ACTIVE_COMPILATION_CONDITIONS = DEBUG;
				SWIFT_OPTIMIZATION_LEVEL = "-Onone";
			};
			name = Debug;
		};
		236B52023042FDBA008006C4 /* Release */ = {
			isa = XCBuildConfiguration;
			buildSettings = {
				ALWAYS_SEARCH_USER_PATHS = NO;
				CLANG_ANALYZER_NONNULL = YES;
				CLANG_ANALYZER_NUMBER_OBJECT_CONVERSION = YES_AGGRESSIVE;
				CLANG_CXX_LANGUAGE_STANDARD = "gnu++20";
				CLANG_ENABLE_MODULES = YES;
				CLANG_ENABLE_OBJC_ARC = YES;
				CLANG_ENABLE_OBJC_WEAK = YES;
				CLANG_WARN_BLOCK_CAPTURE_AUTORELEASING = YES;
				CLANG_WARN_BOOL_CONVERSION = YES;
				CLANG_WARN_COMMA = YES;
				CLANG_WARN_CONSTANT_CONVERSION = YES;
				CLANG_WARN_DEPRECATED_OBJC_IMPLEMENTATIONS = YES;
				CLANG_WARN_DIRECT_OBJC_ISA_USAGE = YES_ERROR;
				CLANG_WARN_DOCUMENTATION_COMMENTS = YES;
				CLANG_WARN_EMPTY_BODY = YES;
				CLANG_WARN_ENUM_CONVERSION = YES;
				CLANG_WARN_INFINITE_RECURSION = YES;
				CLANG_WARN_INT_CONVERSION = YES;
				CLANG_WARN_NON_LITERAL_NULL_CONVERSION = YES;
				CLANG_WARN_OBJC_IMPLICIT_RETAIN_SELF = YES;
				CLANG_WARN_OBJC_LITERAL_CONVERSION = YES;
				CLANG_WARN_OBJC_ROOT_CLASS = YES_ERROR;
				CLANG_WARN_QUOTED_INCLUDE_IN_FRAMEWORK_HEADER = YES;
				CLANG_WARN_RANGE_LOOP_ANALYSIS = YES;
				CLANG_WARN_STRICT_PROTOTYPES = YES;
				CLANG_WARN_SUSPICIOUS_MOVE = YES;
				CLANG_WARN_UNGUARDED_AVAILABILITY = YES_AGGRESSIVE;
				CLANG_WARN_UNREACHABLE_CODE = YES;
				CLANG_WARN__DUPLICATE_METHOD_MATCH = YES;
				COPY_PHASE_STRIP = NO;
				DEBUG_INFORMATION_FORMAT = "dwarf-with-dsym";
				ENABLE_NS_ASSERTIONS = NO;
				ENABLE_STRICT_OBJC_MSGSEND = YES;
				GCC_C_LANGUAGE_STANDARD = gnu11;
				GCC_NO_COMMON_BLOCKS = YES;
				GCC_WARN_64_TO_32_BIT_CONVERSION = YES;
				GCC_WARN_ABOUT_RETURN_TYPE = YES_ERROR;
				GCC_WARN_UNDECLARED_SELECTOR = YES;
				GCC_WARN_UNINITIALIZED_AUTOS = YES_AGGRESSIVE;
				GCC_WARN_UNUSED_FUNCTION = YES;
				GCC_WARN_UNUSED_VARIABLE = YES;
				IPHONEOS_DEPLOYMENT_TARGET = 16.0;
				MTL_ENABLE_DEBUG_INFO = NO;
				MTL_FAST_MATH = YES;
				SDKROOT = iphoneos;
				SWIFT_COMPILATION_MODE = wholemodule;
				SWIFT_OPTIMIZATION_LEVEL = "-O";
				VALIDATE_PRODUCT = YES;
			};
			name = Release;
		};
		236B52043042FDBA008006C4 /* Debug */ = {
			isa = XCBuildConfiguration;
			buildSettings = {
				ASSETCATALOG_COMPILER_APPICON_NAME = AppIcon;
				ASSETCATALOG_COMPILER_GLOBAL_ACCENT_COLOR_NAME = AccentColor;
				CODE_SIGN_STYLE = Automatic;
				CURRENT_PROJECT_VERSION = 1;
				DEVELOPMENT_ASSET_PATHS = "\"Tutorial/Preview Content\"";
				ENABLE_PREVIEWS = YES;
				GENERATE_INFOPLIST_FILE = YES;
				INFOPLIST_KEY_UIApplicationSceneManifest_Generation = YES;
				INFOPLIST_KEY_UIApplicationSupportsIndirectInputEvents = YES;
				INFOPLIST_KEY_UILaunchScreen_Generation = YES;
				INFOPLIST_KEY_UISupportedInterfaceOrientations_iPad = "UIInterfaceOrientationPortrait UIInterfaceOrientationPortraitUpsideDown UIInterfaceOrientationLandscapeLeft UIInterfaceOrientationLandscapeRight";
				INFOPLIST_KEY_UISupportedInterfaceOrientations_iPhone = "UIInterfaceOrientationPortrait UIInterfaceOrientationLandscapeLeft UIInterfaceOrientationLandscapeRight";
				LD_RUNPATH_SEARCH_PATHS = (
					"$(inherited)",
					"@executable_path/Frameworks",
				);
				MARKETING_VERSION = 1.0;
				PRODUCT_BUNDLE_IDENTIFIER = test.Tutorial;
				PRODUCT_NAME = "$(TARGET_NAME)";
				SWIFT_EMIT_LOC_STRINGS = YES;
				SWIFT_VERSION = 5.0;
				TARGETED_DEVICE_FAMILY = "1,2";
			};
			name = Debug;
		};
		236B52053042FDBA008006C4 /* Release */ = {
			isa = XCBuildConfiguration;
			buildSettings = {
				ASSETCATALOG_COMPILER_APPICON_NAME = AppIcon;
				ASSETCATALOG_COMPILER_GLOBAL_ACCENT_COLOR_NAME = AccentColor;
				CODE_SIGN_STYLE = Automatic;
				CURRENT_PROJECT_VERSION = 1;
				DEVELOPMENT_ASSET_PATHS = "\"Tutorial/Preview Content\"";
				ENABLE_PREVIEWS = YES;
				GENERATE_INFOPLIST_FILE = YES;
				INFOPLIST_KEY_UIApplicationSceneManifest_Generation = YES;
				INFOPLIST_KEY_UIApplicationSupportsIndirectInputEvents = YES;
				INFOPLIST_KEY_UILaunchScreen_Generation = YES;
				INFOPLIST_KEY_UISupportedInterfaceOrientations_iPad = "UIInterfaceOrientationPortrait UIInterfaceOrientationPortraitUpsideDown UIInterfaceOrientationLandscapeLeft UIInterfaceOrientationLandscapeRight";
				INFOPLIST_KEY_UISupportedInterfaceOrientations_iPhone = "UIInterfaceOrientationPortrait UIInterfaceOrientationLandscapeLeft UIInterfaceOrientationLandscapeRight";
				LD_RUNPATH_SEARCH_PATHS = (
					"$(inherited)",
					"@executable_path/Frameworks",
				);
				MARKETING_VERSION = 1.0;
				PRODUCT_BUNDLE_IDENTIFIER = test.Tutorial;
				PRODUCT_NAME = "$(TARGET_NAME)";
				SWIFT_EMIT_LOC_STRINGS = YES;
				SWIFT_VERSION = 5.0;
				TARGETED_DEVICE_FAMILY = "1,2";
			};
			name = Release;
		};
/* End XCBuildConfiguration section */

/* Begin XCConfigurationList section */
		236B51F03042FDB8008006C4 /* Build configuration list for PBXProject "Tutorial" */ = {
			isa = XCConfigurationList;
			buildConfigurations = (
				236B52013042FDBA008006C4 /* Debug */,
				236B52023042FDBA008006C4 /* Release */,
			);
			defaultConfigurationIsVisible = 0;
			defaultConfigurationName = Release;
		};
		236B52033042FDBA008006C4 /* Build configuration list for PBXNativeTarget "Tutorial" */ = {
			isa = XCConfigurationList;
			buildConfigurations = (
				236B52043042FDBA008006C4 /* Debug */,
				236B52053042FDBA008006C4 /* Release */,
			);
			defaultConfigurationIsVisible = 0;
			defaultConfigurationName = Release;
		};
/* End XCConfigurationList section */
	};
	rootObject = 236B51ED3042FDB8008006C4 /* Project object */;
}
